
Microsoft Visual Studio Solution File, Format Version 12.00
# Visual Studio Version 17
VisualStudioVersion = 17.11.35327.3
MinimumVisualStudioVersion = 10.0.40219.1
Project("{FAE04EC0-301F-11D3-BF4B-00C04F79EFBC}") = "picturebox", "picturebox.csproj", "{4844E925-A137-42C6-A469-7F692B6B471E}"
EndProject
Global
	GlobalSection(SolutionConfigurationPlatforms) = preSolution
		Debug|Any CPU = Debug|Any CPU
		Release|Any CPU = Release|Any CPU
	EndGlobalSection
	GlobalSection(ProjectConfigurationPlatforms) = postSolution
		{4844E925-A137-42C6-A469-7F692B6B471E}.Debug|Any CPU.ActiveCfg = Debug|Any CPU
		{4844E925-A137-42C6-A469-7F692B6B471E}.Debug|Any CPU.Build.0 = Debug|Any CPU
		{4844E925-A137-42C6-A469-7F692B6B471E}.Release|Any CPU.ActiveCfg = Release|Any CPU
		{4844E925-A137-42C6-A469-7F692B6B471E}.Release|Any CPU.Build.0 = Release|Any CPU
	EndGlobalSection
	GlobalSection(SolutionProperties) = preSolution
		HideSolutionNode = FALSE
	EndGlobalSection
	GlobalSection(ExtensibilityGlobals) = postSolution
		SolutionGuid = {692E8E1F-F640-48D9-A18C-BA3F1155C938}
	EndGlobalSection
EndGlobal
